
Microsoft Visual Studio Solution File, Format Version 12.00
# Visual Studio Version 17
VisualStudioVersion = 17.6.33815.320
MinimumVisualStudioVersion = 10.0.40219.1
Project("{FAE04EC0-301F-11D3-BF4B-00C04F79EFBC}") = "SupplyManagement", "SupplyManagement\SupplyManagement.csproj", "{122F7CA3-5C5C-493E-8A4C-63556C6F33E4}"
EndProject
Global
	GlobalSection(SolutionConfigurationPlatforms) = preSolution
		Debug|Any CPU = Debug|Any CPU
		Release|Any CPU = Release|Any CPU
	EndGlobalSection
	GlobalSection(ProjectConfigurationPlatforms) = postSolution
		{122F7CA3-5C5C-493E-8A4C-63556C6F33E4}.Debug|Any CPU.ActiveCfg = Debug|Any CPU
		{122F7CA3-5C5C-493E-8A4C-63556C6F33E4}.Debug|Any CPU.Build.0 = Debug|Any CPU
		{122F7CA3-5C5C-493E-8A4C-63556C6F33E4}.Release|Any CPU.ActiveCfg = Release|Any CPU
		{122F7CA3-5C5C-493E-8A4C-63556C6F33E4}.Release|Any CPU.Build.0 = Release|Any CPU
	EndGlobalSection
	GlobalSection(SolutionProperties) = preSolution
		HideSolutionNode = FALSE
	EndGlobalSection
	GlobalSection(ExtensibilityGlobals) = postSolution
		SolutionGuid = {7AF29EF7-7D11-4782-809B-20EA7F6BFA70}
	EndGlobalSection
EndGlobal
